
Microsoft Visual Studio Solution File, Format Version 12.00
# Visual Studio 15
VisualStudioVersion = 15.0.28010.2048
MinimumVisualStudioVersion = 10.0.40219.1
Project("{2150E333-8FDC-42A3-9474-1A3956D46DE8}") = "src", "src", "{A9417C2C-CCF8-4953-8862-1F175FFB7636}"
EndProject
Project("{2150E333-8FDC-42A3-9474-1A3956D46DE8}") = "sitecore", "sitecore", "{1370FFD0-1207-455E-8527-15976D1A997E}"
	ProjectSection(SolutionItems) = preProject
		sitecore\01-solr-setup.ps1 = sitecore\01-solr-setup.ps1
		sitecore\02-sitecore-setup.ps1 = sitecore\02-sitecore-setup.ps1
	EndProjectSection
EndProject
Project("{2150E333-8FDC-42A3-9474-1A3956D46DE8}") = "Web", "Web", "{3C6BC8B7-580A-4615-9CDE-800DD4FD9683}"
EndProject
Project("{2150E333-8FDC-42A3-9474-1A3956D46DE8}") = "Services", "Services", "{996160ED-B945-4805-BE87-C8A3A1319A55}"
EndProject
Project("{9A19103F-16F7-4668-BE54-9A1E7A4F7556}") = "EShop.WebApp", "src\Web\EShop.WebApp\EShop.WebApp.csproj", "{4CA501F4-57DC-435B-BBC8-BCB3588F0820}"
EndProject
Project("{E53339B2-1760-4266-BCC7-CA923CBCF16C}") = "docker-compose", "docker-compose.dcproj", "{76157F00-BDF7-4311-ADDD-1D6CF3A9F49B}"
EndProject
Project("{2150E333-8FDC-42A3-9474-1A3956D46DE8}") = "BuildingBlocks", "BuildingBlocks", "{BEFE4916-C43F-4472-BE5B-D93E6843B007}"
EndProject
Global
	GlobalSection(SolutionConfigurationPlatforms) = preSolution
		Debug|Any CPU = Debug|Any CPU
		Release|Any CPU = Release|Any CPU
	EndGlobalSection
	GlobalSection(ProjectConfigurationPlatforms) = postSolution
		{4CA501F4-57DC-435B-BBC8-BCB3588F0820}.Debug|Any CPU.ActiveCfg = Debug|Any CPU
		{4CA501F4-57DC-435B-BBC8-BCB3588F0820}.Debug|Any CPU.Build.0 = Debug|Any CPU
		{4CA501F4-57DC-435B-BBC8-BCB3588F0820}.Release|Any CPU.ActiveCfg = Release|Any CPU
		{4CA501F4-57DC-435B-BBC8-BCB3588F0820}.Release|Any CPU.Build.0 = Release|Any CPU
		{76157F00-BDF7-4311-ADDD-1D6CF3A9F49B}.Debug|Any CPU.ActiveCfg = Debug|Any CPU
		{76157F00-BDF7-4311-ADDD-1D6CF3A9F49B}.Debug|Any CPU.Build.0 = Debug|Any CPU
		{76157F00-BDF7-4311-ADDD-1D6CF3A9F49B}.Release|Any CPU.ActiveCfg = Release|Any CPU
		{76157F00-BDF7-4311-ADDD-1D6CF3A9F49B}.Release|Any CPU.Build.0 = Release|Any CPU
	EndGlobalSection
	GlobalSection(SolutionProperties) = preSolution
		HideSolutionNode = FALSE
	EndGlobalSection
	GlobalSection(NestedProjects) = preSolution
		{3C6BC8B7-580A-4615-9CDE-800DD4FD9683} = {A9417C2C-CCF8-4953-8862-1F175FFB7636}
		{996160ED-B945-4805-BE87-C8A3A1319A55} = {A9417C2C-CCF8-4953-8862-1F175FFB7636}
		{4CA501F4-57DC-435B-BBC8-BCB3588F0820} = {3C6BC8B7-580A-4615-9CDE-800DD4FD9683}
		{BEFE4916-C43F-4472-BE5B-D93E6843B007} = {A9417C2C-CCF8-4953-8862-1F175FFB7636}
	EndGlobalSection
	GlobalSection(ExtensibilityGlobals) = postSolution
		SolutionGuid = {6344C893-6AA5-4C6E-8E98-43F784B6288C}
	EndGlobalSection
EndGlobal
