
Microsoft Visual Studio Solution File, Format Version 12.00
# Visual Studio 15
VisualStudioVersion = 15.0.28010.2048
MinimumVisualStudioVersion = 10.0.40219.1
Project("{2150E333-8FDC-42A3-9474-1A3956D46DE8}") = "src", "src", "{A9417C2C-CCF8-4953-8862-1F175FFB7636}"
EndProject
Project("{2150E333-8FDC-42A3-9474-1A3956D46DE8}") = "sitecore", "sitecore", "{1370FFD0-1207-455E-8527-15976D1A997E}"
	ProjectSection(SolutionItems) = preProject
		sitecore\01-solr-setup.ps1 = sitecore\01-solr-setup.ps1
		sitecore\02-sitecore-setup.ps1 = sitecore\02-sitecore-setup.ps1
	EndProjectSection
EndProject
Project("{2150E333-8FDC-42A3-9474-1A3956D46DE8}") = "Web", "Web", "{3C6BC8B7-580A-4615-9CDE-800DD4FD9683}"
EndProject
Project("{2150E333-8FDC-42A3-9474-1A3956D46DE8}") = "Services", "Services", "{996160ED-B945-4805-BE87-C8A3A1319A55}"
EndProject
Project("{9A19103F-16F7-4668-BE54-9A1E7A4F7556}") = "EShop.WebApp", "src\Web\EShop.WebApp\EShop.WebApp.csproj", "{4CA501F4-57DC-435B-BBC8-BCB3588F0820}"
EndProject
Project("{E53339B2-1760-4266-BCC7-CA923CBCF16C}") = "docker-compose", "docker-compose.dcproj", "{76157F00-BDF7-4311-ADDD-1D6CF3A9F49B}"
EndProject
Project("{2150E333-8FDC-42A3-9474-1A3956D46DE8}") = "BuildingBlocks", "BuildingBlocks", "{AA4F074F-24DC-43D7-BF97-9EDCF9A7D176}"
EndProject
Project("{2150E333-8FDC-42A3-9474-1A3956D46DE8}") = "Headless", "Headless", "{959FE980-5C4A-4C59-A53C-7FBF06005148}"
EndProject
Project("{9A19103F-16F7-4668-BE54-9A1E7A4F7556}") = "Headless.Abstractions", "src\BuildingBlocks\Headless\Headless.Abstractions\Headless.Abstractions.csproj", "{92708C79-416F-4D34-A4C4-BF16CD5CE582}"
EndProject
Project("{FAE04EC0-301F-11D3-BF4B-00C04F79EFBC}") = "Headless.Client", "src\BuildingBlocks\Headless\Headless.Client\Headless.Client.csproj", "{D9E860AA-C6CE-4062-A14A-667C6C58533B}"
EndProject
Global
	GlobalSection(SolutionConfigurationPlatforms) = preSolution
		Debug|Any CPU = Debug|Any CPU
		Release|Any CPU = Release|Any CPU
	EndGlobalSection
	GlobalSection(ProjectConfigurationPlatforms) = postSolution
		{4CA501F4-57DC-435B-BBC8-BCB3588F0820}.Debug|Any CPU.ActiveCfg = Debug|Any CPU
		{4CA501F4-57DC-435B-BBC8-BCB3588F0820}.Debug|Any CPU.Build.0 = Debug|Any CPU
		{4CA501F4-57DC-435B-BBC8-BCB3588F0820}.Release|Any CPU.ActiveCfg = Release|Any CPU
		{4CA501F4-57DC-435B-BBC8-BCB3588F0820}.Release|Any CPU.Build.0 = Release|Any CPU
		{76157F00-BDF7-4311-ADDD-1D6CF3A9F49B}.Debug|Any CPU.ActiveCfg = Debug|Any CPU
		{76157F00-BDF7-4311-ADDD-1D6CF3A9F49B}.Debug|Any CPU.Build.0 = Debug|Any CPU
		{76157F00-BDF7-4311-ADDD-1D6CF3A9F49B}.Release|Any CPU.ActiveCfg = Release|Any CPU
		{76157F00-BDF7-4311-ADDD-1D6CF3A9F49B}.Release|Any CPU.Build.0 = Release|Any CPU
		{92708C79-416F-4D34-A4C4-BF16CD5CE582}.Debug|Any CPU.ActiveCfg = Debug|Any CPU
		{92708C79-416F-4D34-A4C4-BF16CD5CE582}.Debug|Any CPU.Build.0 = Debug|Any CPU
		{92708C79-416F-4D34-A4C4-BF16CD5CE582}.Release|Any CPU.ActiveCfg = Release|Any CPU
		{92708C79-416F-4D34-A4C4-BF16CD5CE582}.Release|Any CPU.Build.0 = Release|Any CPU
		{D9E860AA-C6CE-4062-A14A-667C6C58533B}.Debug|Any CPU.ActiveCfg = Debug|Any CPU
		{D9E860AA-C6CE-4062-A14A-667C6C58533B}.Debug|Any CPU.Build.0 = Debug|Any CPU
		{D9E860AA-C6CE-4062-A14A-667C6C58533B}.Release|Any CPU.ActiveCfg = Release|Any CPU
		{D9E860AA-C6CE-4062-A14A-667C6C58533B}.Release|Any CPU.Build.0 = Release|Any CPU
	EndGlobalSection
	GlobalSection(SolutionProperties) = preSolution
		HideSolutionNode = FALSE
	EndGlobalSection
	GlobalSection(NestedProjects) = preSolution
		{3C6BC8B7-580A-4615-9CDE-800DD4FD9683} = {A9417C2C-CCF8-4953-8862-1F175FFB7636}
		{996160ED-B945-4805-BE87-C8A3A1319A55} = {A9417C2C-CCF8-4953-8862-1F175FFB7636}
		{4CA501F4-57DC-435B-BBC8-BCB3588F0820} = {3C6BC8B7-580A-4615-9CDE-800DD4FD9683}
		{AA4F074F-24DC-43D7-BF97-9EDCF9A7D176} = {A9417C2C-CCF8-4953-8862-1F175FFB7636}
		{959FE980-5C4A-4C59-A53C-7FBF06005148} = {AA4F074F-24DC-43D7-BF97-9EDCF9A7D176}
		{92708C79-416F-4D34-A4C4-BF16CD5CE582} = {959FE980-5C4A-4C59-A53C-7FBF06005148}
		{D9E860AA-C6CE-4062-A14A-667C6C58533B} = {959FE980-5C4A-4C59-A53C-7FBF06005148}
	EndGlobalSection
	GlobalSection(ExtensibilityGlobals) = postSolution
		SolutionGuid = {6344C893-6AA5-4C6E-8E98-43F784B6288C}
	EndGlobalSection
EndGlobal
